
Microsoft Visual Studio Solution File, Format Version 11.00
# Visual Studio 2010
Project("{FAE04EC0-301F-11D3-BF4B-00C04F79EFBC}") = "Teregulov", "Teregulov\Teregulov.csproj", "{9799845F-3F91-4FFA-9593-5D745D41F15D}"
EndProject
Global
	GlobalSection(SolutionConfigurationPlatforms) = preSolution
		Debug|Any CPU = Debug|Any CPU
		Release|Any CPU = Release|Any CPU
	EndGlobalSection
	GlobalSection(ProjectConfigurationPlatforms) = postSolution
		{9799845F-3F91-4FFA-9593-5D745D41F15D}.Debug|Any CPU.ActiveCfg = Debug|Any CPU
		{9799845F-3F91-4FFA-9593-5D745D41F15D}.Debug|Any CPU.Build.0 = Debug|Any CPU
		{9799845F-3F91-4FFA-9593-5D745D41F15D}.Release|Any CPU.ActiveCfg = Release|Any CPU
		{9799845F-3F91-4FFA-9593-5D745D41F15D}.Release|Any CPU.Build.0 = Release|Any CPU
	EndGlobalSection
	GlobalSection(SolutionProperties) = preSolution
		HideSolutionNode = FALSE
	EndGlobalSection
EndGlobal
